
Microsoft Visual Studio Solution File, Format Version 12.00
# Visual Studio Version 17
VisualStudioVersion = 17.6.33829.357
MinimumVisualStudioVersion = 10.0.40219.1
Project("{FAE04EC0-301F-11D3-BF4B-00C04F79EFBC}") = "CDN-FreelanceManagement", "CDN-FreelanceManagement\CDN-FreelanceManagement.csproj", "{97073026-6CBD-460A-BA6D-3DE015E1B977}"
EndProject
Global
	GlobalSection(SolutionConfigurationPlatforms) = preSolution
		Debug|Any CPU = Debug|Any CPU
		Release|Any CPU = Release|Any CPU
	EndGlobalSection
	GlobalSection(ProjectConfigurationPlatforms) = postSolution
		{97073026-6CBD-460A-BA6D-3DE015E1B977}.Debug|Any CPU.ActiveCfg = Debug|Any CPU
		{97073026-6CBD-460A-BA6D-3DE015E1B977}.Debug|Any CPU.Build.0 = Debug|Any CPU
		{97073026-6CBD-460A-BA6D-3DE015E1B977}.Release|Any CPU.ActiveCfg = Release|Any CPU
		{97073026-6CBD-460A-BA6D-3DE015E1B977}.Release|Any CPU.Build.0 = Release|Any CPU
	EndGlobalSection
	GlobalSection(SolutionProperties) = preSolution
		HideSolutionNode = FALSE
	EndGlobalSection
	GlobalSection(ExtensibilityGlobals) = postSolution
		SolutionGuid = {4FCFE934-A94F-4C5E-9DB1-8C62087DFF1F}
	EndGlobalSection
EndGlobal
